
Microsoft Visual Studio Solution File, Format Version 12.00
# Visual Studio 2013
VisualStudioVersion = 12.0.30501.0
MinimumVisualStudioVersion = 10.0.40219.1
Project("{FAE04EC0-301F-11D3-BF4B-00C04F79EFBC}") = "Ex03.GarageLogic", "Ex03.GarageLogic\Ex03.GarageLogic.csproj", "{0CF768E3-8423-4BB4-B94C-F5CE2581D9C7}"
EndProject
Project("{FAE04EC0-301F-11D3-BF4B-00C04F79EFBC}") = "Ex03.GarageManagementSystem.ConsoleUI", "Ex03.GarageManagementSystem.ConsoleUI\Ex03.GarageManagementSystem.ConsoleUI.csproj", "{9F991E10-C301-4EDA-BCDD-EABC28FC5611}"
EndProject
Global
	GlobalSection(SolutionConfigurationPlatforms) = preSolution
		Debug|Any CPU = Debug|Any CPU
		Release|Any CPU = Release|Any CPU
	EndGlobalSection
	GlobalSection(ProjectConfigurationPlatforms) = postSolution
		{0CF768E3-8423-4BB4-B94C-F5CE2581D9C7}.Debug|Any CPU.ActiveCfg = Debug|Any CPU
		{0CF768E3-8423-4BB4-B94C-F5CE2581D9C7}.Debug|Any CPU.Build.0 = Debug|Any CPU
		{0CF768E3-8423-4BB4-B94C-F5CE2581D9C7}.Release|Any CPU.ActiveCfg = Release|Any CPU
		{0CF768E3-8423-4BB4-B94C-F5CE2581D9C7}.Release|Any CPU.Build.0 = Release|Any CPU
		{9F991E10-C301-4EDA-BCDD-EABC28FC5611}.Debug|Any CPU.ActiveCfg = Debug|Any CPU
		{9F991E10-C301-4EDA-BCDD-EABC28FC5611}.Debug|Any CPU.Build.0 = Debug|Any CPU
		{9F991E10-C301-4EDA-BCDD-EABC28FC5611}.Release|Any CPU.ActiveCfg = Release|Any CPU
		{9F991E10-C301-4EDA-BCDD-EABC28FC5611}.Release|Any CPU.Build.0 = Release|Any CPU
	EndGlobalSection
	GlobalSection(SolutionProperties) = preSolution
		HideSolutionNode = FALSE
	EndGlobalSection
EndGlobal
